
Microsoft Visual Studio Solution File, Format Version 12.00
# Visual Studio Version 17
VisualStudioVersion = 17.9.34622.214
MinimumVisualStudioVersion = 10.0.40219.1
Project("{9A19103F-16F7-4668-BE54-9A1E7A4F7556}") = "Gestic", "Admin\Gestic.csproj", "{B03A1207-BBAD-45D9-BAB9-E5D3C576492B}"
EndProject
Project("{9A19103F-16F7-4668-BE54-9A1E7A4F7556}") = "BLL", "BLL\BLL.csproj", "{97548CC9-A9FC-404D-8E1E-A2DFE7AFDDF8}"
EndProject
Project("{9A19103F-16F7-4668-BE54-9A1E7A4F7556}") = "DAL", "DAL\DAL.csproj", "{28BE1EF8-47FC-41FA-A5AF-475E77CF3796}"
EndProject
Project("{9A19103F-16F7-4668-BE54-9A1E7A4F7556}") = "Models", "Models\Models.csproj", "{91E41BF7-B9D4-46DA-B51F-7EBDB2CC0A00}"
EndProject
Project("{FAE04EC0-301F-11D3-BF4B-00C04F79EFBC}") = "Administration", "Administration\Administration.csproj", "{28F4A943-D2AC-4EE4-802A-FC148E64BE6D}"
EndProject
Global
	GlobalSection(SolutionConfigurationPlatforms) = preSolution
		Debug|Any CPU = Debug|Any CPU
		Release|Any CPU = Release|Any CPU
	EndGlobalSection
	GlobalSection(ProjectConfigurationPlatforms) = postSolution
		{B03A1207-BBAD-45D9-BAB9-E5D3C576492B}.Debug|Any CPU.ActiveCfg = Debug|Any CPU
		{B03A1207-BBAD-45D9-BAB9-E5D3C576492B}.Debug|Any CPU.Build.0 = Debug|Any CPU
		{B03A1207-BBAD-45D9-BAB9-E5D3C576492B}.Release|Any CPU.ActiveCfg = Release|Any CPU
		{B03A1207-BBAD-45D9-BAB9-E5D3C576492B}.Release|Any CPU.Build.0 = Release|Any CPU
		{97548CC9-A9FC-404D-8E1E-A2DFE7AFDDF8}.Debug|Any CPU.ActiveCfg = Debug|Any CPU
		{97548CC9-A9FC-404D-8E1E-A2DFE7AFDDF8}.Debug|Any CPU.Build.0 = Debug|Any CPU
		{97548CC9-A9FC-404D-8E1E-A2DFE7AFDDF8}.Release|Any CPU.ActiveCfg = Release|Any CPU
		{97548CC9-A9FC-404D-8E1E-A2DFE7AFDDF8}.Release|Any CPU.Build.0 = Release|Any CPU
		{28BE1EF8-47FC-41FA-A5AF-475E77CF3796}.Debug|Any CPU.ActiveCfg = Debug|Any CPU
		{28BE1EF8-47FC-41FA-A5AF-475E77CF3796}.Debug|Any CPU.Build.0 = Debug|Any CPU
		{28BE1EF8-47FC-41FA-A5AF-475E77CF3796}.Release|Any CPU.ActiveCfg = Release|Any CPU
		{28BE1EF8-47FC-41FA-A5AF-475E77CF3796}.Release|Any CPU.Build.0 = Release|Any CPU
		{91E41BF7-B9D4-46DA-B51F-7EBDB2CC0A00}.Debug|Any CPU.ActiveCfg = Debug|Any CPU
		{91E41BF7-B9D4-46DA-B51F-7EBDB2CC0A00}.Debug|Any CPU.Build.0 = Debug|Any CPU
		{91E41BF7-B9D4-46DA-B51F-7EBDB2CC0A00}.Release|Any CPU.ActiveCfg = Release|Any CPU
		{91E41BF7-B9D4-46DA-B51F-7EBDB2CC0A00}.Release|Any CPU.Build.0 = Release|Any CPU
		{28F4A943-D2AC-4EE4-802A-FC148E64BE6D}.Debug|Any CPU.ActiveCfg = Debug|Any CPU
		{28F4A943-D2AC-4EE4-802A-FC148E64BE6D}.Debug|Any CPU.Build.0 = Debug|Any CPU
		{28F4A943-D2AC-4EE4-802A-FC148E64BE6D}.Release|Any CPU.ActiveCfg = Release|Any CPU
		{28F4A943-D2AC-4EE4-802A-FC148E64BE6D}.Release|Any CPU.Build.0 = Release|Any CPU
	EndGlobalSection
	GlobalSection(SolutionProperties) = preSolution
		HideSolutionNode = FALSE
	EndGlobalSection
	GlobalSection(ExtensibilityGlobals) = postSolution
		SolutionGuid = {624C42E7-324D-4040-ADC9-414F8B91352A}
	EndGlobalSection
EndGlobal
